
Microsoft Visual Studio Solution File, Format Version 12.00
# Visual Studio Version 16
VisualStudioVersion = 16.0.30413.136
MinimumVisualStudioVersion = 10.0.40219.1
Project("{9A19103F-16F7-4668-BE54-9A1E7A4F7556}") = "DeConzToMqtt", "DeConzToMqtt.csproj", "{EE0905AA-42B6-4BD5-93A0-616E227D93F5}"
EndProject
Project("{FAE04EC0-301F-11D3-BF4B-00C04F79EFBC}") = "DeConzToMqtt.Domain.DeConz", "..\DeconzToMqtt.Domain\DeConzToMqtt.Domain.DeConz.csproj", "{1D44CEA3-286C-416F-AC8D-3025E384CA89}"
EndProject
Global
	GlobalSection(SolutionConfigurationPlatforms) = preSolution
		Debug|Any CPU = Debug|Any CPU
		Release|Any CPU = Release|Any CPU
	EndGlobalSection
	GlobalSection(ProjectConfigurationPlatforms) = postSolution
		{EE0905AA-42B6-4BD5-93A0-616E227D93F5}.Debug|Any CPU.ActiveCfg = Debug|Any CPU
		{EE0905AA-42B6-4BD5-93A0-616E227D93F5}.Debug|Any CPU.Build.0 = Debug|Any CPU
		{EE0905AA-42B6-4BD5-93A0-616E227D93F5}.Release|Any CPU.ActiveCfg = Release|Any CPU
		{EE0905AA-42B6-4BD5-93A0-616E227D93F5}.Release|Any CPU.Build.0 = Release|Any CPU
		{1D44CEA3-286C-416F-AC8D-3025E384CA89}.Debug|Any CPU.ActiveCfg = Debug|Any CPU
		{1D44CEA3-286C-416F-AC8D-3025E384CA89}.Debug|Any CPU.Build.0 = Debug|Any CPU
		{1D44CEA3-286C-416F-AC8D-3025E384CA89}.Release|Any CPU.ActiveCfg = Release|Any CPU
		{1D44CEA3-286C-416F-AC8D-3025E384CA89}.Release|Any CPU.Build.0 = Release|Any CPU
	EndGlobalSection
	GlobalSection(SolutionProperties) = preSolution
		HideSolutionNode = FALSE
	EndGlobalSection
	GlobalSection(ExtensibilityGlobals) = postSolution
		SolutionGuid = {9906E0B7-913C-4E49-B102-7BD15EE8F80D}
	EndGlobalSection
EndGlobal
